
Microsoft Visual Studio Solution File, Format Version 12.00
# Visual Studio 2013
VisualStudioVersion = 12.0.31101.0
MinimumVisualStudioVersion = 10.0.40219.1
Project("{FAE04EC0-301F-11D3-BF4B-00C04F79EFBC}") = "ConsoleApplication1", "ConsoleApplication1\ConsoleApplication1.csproj", "{3D42A49E-DC1E-4276-A9B9-7ED94F823E15}"
EndProject
Project("{2150E333-8FDC-42A3-9474-1A3956D46DE8}") = ".nuget", ".nuget", "{EB1567AB-D9F6-495F-A6F1-C51776E2932E}"
	ProjectSection(SolutionItems) = preProject
		.nuget\NuGet.Config = .nuget\NuGet.Config
		.nuget\NuGet.exe = .nuget\NuGet.exe
		.nuget\NuGet.targets = .nuget\NuGet.targets
	EndProjectSection
EndProject
Project("{FAE04EC0-301F-11D3-BF4B-00C04F79EFBC}") = "ConsoleApplication1.Test", "ConsoleApplication1.Test\ConsoleApplication1.Test.csproj", "{CE595F3D-120A-4BCB-919E-DA3BEED999F1}"
EndProject
Project("{2150E333-8FDC-42A3-9474-1A3956D46DE8}") = "Solution Items", "Solution Items", "{F9E2F2F2-1064-40BB-9A3D-D967FF2A42A7}"
	ProjectSection(SolutionItems) = preProject
		C:\Users\DUY KHANH\Desktop\.travis.yml = C:\Users\DUY KHANH\Desktop\.travis.yml
	EndProjectSection
EndProject
Global
	GlobalSection(SolutionConfigurationPlatforms) = preSolution
		Debug|Any CPU = Debug|Any CPU
		Release|Any CPU = Release|Any CPU
	EndGlobalSection
	GlobalSection(ProjectConfigurationPlatforms) = postSolution
		{3D42A49E-DC1E-4276-A9B9-7ED94F823E15}.Debug|Any CPU.ActiveCfg = Debug|Any CPU
		{3D42A49E-DC1E-4276-A9B9-7ED94F823E15}.Debug|Any CPU.Build.0 = Debug|Any CPU
		{3D42A49E-DC1E-4276-A9B9-7ED94F823E15}.Release|Any CPU.ActiveCfg = Release|Any CPU
		{3D42A49E-DC1E-4276-A9B9-7ED94F823E15}.Release|Any CPU.Build.0 = Release|Any CPU
		{CE595F3D-120A-4BCB-919E-DA3BEED999F1}.Debug|Any CPU.ActiveCfg = Debug|Any CPU
		{CE595F3D-120A-4BCB-919E-DA3BEED999F1}.Debug|Any CPU.Build.0 = Debug|Any CPU
		{CE595F3D-120A-4BCB-919E-DA3BEED999F1}.Release|Any CPU.ActiveCfg = Release|Any CPU
		{CE595F3D-120A-4BCB-919E-DA3BEED999F1}.Release|Any CPU.Build.0 = Release|Any CPU
	EndGlobalSection
	GlobalSection(SolutionProperties) = preSolution
		HideSolutionNode = FALSE
	EndGlobalSection
EndGlobal
